
Microsoft Visual Studio Solution File, Format Version 12.00
# Visual Studio Version 16
VisualStudioVersion = 16.0.810.21
MinimumVisualStudioVersion = 10.0.40219.1
Project("{FAE04EC0-301F-11D3-BF4B-00C04F79EFBC}") = "shelterJADA.Server", "shelterJADA\Server\shelterJADA.Server.csproj", "{0F4B198E-6FC9-465D-9E4F-B62D0B9C4CDB}"
EndProject
Project("{FAE04EC0-301F-11D3-BF4B-00C04F79EFBC}") = "shelterJADA.Client", "shelterJADA\Client\shelterJADA.Client.csproj", "{10E8B996-EF38-4E0E-8585-64E4BA10AAEC}"
EndProject
Project("{FAE04EC0-301F-11D3-BF4B-00C04F79EFBC}") = "shelterJADA.Shared", "shelterJADA\Shared\shelterJADA.Shared.csproj", "{F4631068-91D8-4906-80C5-7D92D4426AE8}"
EndProject
Global
	GlobalSection(SolutionConfigurationPlatforms) = preSolution
		Debug|Any CPU = Debug|Any CPU
		Release|Any CPU = Release|Any CPU
	EndGlobalSection
	GlobalSection(ProjectConfigurationPlatforms) = postSolution
		{0F4B198E-6FC9-465D-9E4F-B62D0B9C4CDB}.Debug|Any CPU.ActiveCfg = Debug|Any CPU
		{0F4B198E-6FC9-465D-9E4F-B62D0B9C4CDB}.Debug|Any CPU.Build.0 = Debug|Any CPU
		{0F4B198E-6FC9-465D-9E4F-B62D0B9C4CDB}.Release|Any CPU.ActiveCfg = Release|Any CPU
		{0F4B198E-6FC9-465D-9E4F-B62D0B9C4CDB}.Release|Any CPU.Build.0 = Release|Any CPU
		{10E8B996-EF38-4E0E-8585-64E4BA10AAEC}.Debug|Any CPU.ActiveCfg = Debug|Any CPU
		{10E8B996-EF38-4E0E-8585-64E4BA10AAEC}.Debug|Any CPU.Build.0 = Debug|Any CPU
		{10E8B996-EF38-4E0E-8585-64E4BA10AAEC}.Release|Any CPU.ActiveCfg = Release|Any CPU
		{10E8B996-EF38-4E0E-8585-64E4BA10AAEC}.Release|Any CPU.Build.0 = Release|Any CPU
		{F4631068-91D8-4906-80C5-7D92D4426AE8}.Debug|Any CPU.ActiveCfg = Debug|Any CPU
		{F4631068-91D8-4906-80C5-7D92D4426AE8}.Debug|Any CPU.Build.0 = Debug|Any CPU
		{F4631068-91D8-4906-80C5-7D92D4426AE8}.Release|Any CPU.ActiveCfg = Release|Any CPU
		{F4631068-91D8-4906-80C5-7D92D4426AE8}.Release|Any CPU.Build.0 = Release|Any CPU
	EndGlobalSection
	GlobalSection(SolutionProperties) = preSolution
		HideSolutionNode = FALSE
	EndGlobalSection
	GlobalSection(ExtensibilityGlobals) = postSolution
		SolutionGuid = {BD681BDC-7F49-40E9-B041-9C0160FDCC7C}
	EndGlobalSection
EndGlobal
